
Microsoft Visual Studio Solution File, Format Version 12.00
# Visual Studio Version 17
VisualStudioVersion = 17.3.32929.385
MinimumVisualStudioVersion = 10.0.40219.1
Project("{FAE04EC0-301F-11D3-BF4B-00C04F79EFBC}") = "PnP.Framework.RER.Functions", "PnP.Framework.RER.Functions\PnP.Framework.RER.Functions.csproj", "{6F6A756A-319F-484E-B741-4354E1F8BF9D}"
EndProject
Global
	GlobalSection(SolutionConfigurationPlatforms) = preSolution
		Debug|Any CPU = Debug|Any CPU
		Release|Any CPU = Release|Any CPU
	EndGlobalSection
	GlobalSection(ProjectConfigurationPlatforms) = postSolution
		{6F6A756A-319F-484E-B741-4354E1F8BF9D}.Debug|Any CPU.ActiveCfg = Debug|Any CPU
		{6F6A756A-319F-484E-B741-4354E1F8BF9D}.Debug|Any CPU.Build.0 = Debug|Any CPU
		{6F6A756A-319F-484E-B741-4354E1F8BF9D}.Release|Any CPU.ActiveCfg = Release|Any CPU
		{6F6A756A-319F-484E-B741-4354E1F8BF9D}.Release|Any CPU.Build.0 = Release|Any CPU
	EndGlobalSection
	GlobalSection(SolutionProperties) = preSolution
		HideSolutionNode = FALSE
	EndGlobalSection
	GlobalSection(ExtensibilityGlobals) = postSolution
		SolutionGuid = {DF9D4501-B44C-4E85-BF1D-18C2EA8A41A8}
	EndGlobalSection
EndGlobal
